
Microsoft Visual Studio Solution File, Format Version 12.00
# Visual Studio Version 17
VisualStudioVersion = 17.8.34330.188
MinimumVisualStudioVersion = 10.0.40219.1
Project("{9A19103F-16F7-4668-BE54-9A1E7A4F7556}") = "Csharp.Functional.MinimalApi.Sample", "Csharp.Functional.MinimalApi.Sample\Csharp.Functional.MinimalApi.Sample.csproj", "{97D2B753-CD10-4E2E-8D6C-B64F7B6FC002}"
EndProject
Global
	GlobalSection(SolutionConfigurationPlatforms) = preSolution
		Debug|Any CPU = Debug|Any CPU
		Release|Any CPU = Release|Any CPU
	EndGlobalSection
	GlobalSection(ProjectConfigurationPlatforms) = postSolution
		{97D2B753-CD10-4E2E-8D6C-B64F7B6FC002}.Debug|Any CPU.ActiveCfg = Debug|Any CPU
		{97D2B753-CD10-4E2E-8D6C-B64F7B6FC002}.Debug|Any CPU.Build.0 = Debug|Any CPU
		{97D2B753-CD10-4E2E-8D6C-B64F7B6FC002}.Release|Any CPU.ActiveCfg = Release|Any CPU
		{97D2B753-CD10-4E2E-8D6C-B64F7B6FC002}.Release|Any CPU.Build.0 = Release|Any CPU
	EndGlobalSection
	GlobalSection(SolutionProperties) = preSolution
		HideSolutionNode = FALSE
	EndGlobalSection
	GlobalSection(ExtensibilityGlobals) = postSolution
		SolutionGuid = {A4E96A05-ADC3-448E-9395-44EC05BB5343}
	EndGlobalSection
EndGlobal
